
Microsoft Visual Studio Solution File, Format Version 12.00
# Visual Studio Version 17
VisualStudioVersion = 17.4.33213.308
MinimumVisualStudioVersion = 10.0.40219.1
Project("{FAE04EC0-301F-11D3-BF4B-00C04F79EFBC}") = "TjcPlaygroundXUnitMoq", "TjcPlaygroundXUnitMoq\TjcPlaygroundXUnitMoq.csproj", "{9EA131BD-03AB-4245-B92F-5B7B14D28055}"
EndProject
Global
	GlobalSection(SolutionConfigurationPlatforms) = preSolution
		Debug|Any CPU = Debug|Any CPU
		Release|Any CPU = Release|Any CPU
	EndGlobalSection
	GlobalSection(ProjectConfigurationPlatforms) = postSolution
		{9EA131BD-03AB-4245-B92F-5B7B14D28055}.Debug|Any CPU.ActiveCfg = Debug|Any CPU
		{9EA131BD-03AB-4245-B92F-5B7B14D28055}.Debug|Any CPU.Build.0 = Debug|Any CPU
		{9EA131BD-03AB-4245-B92F-5B7B14D28055}.Release|Any CPU.ActiveCfg = Release|Any CPU
		{9EA131BD-03AB-4245-B92F-5B7B14D28055}.Release|Any CPU.Build.0 = Release|Any CPU
	EndGlobalSection
	GlobalSection(SolutionProperties) = preSolution
		HideSolutionNode = FALSE
	EndGlobalSection
	GlobalSection(ExtensibilityGlobals) = postSolution
		SolutionGuid = {AF22F4A7-6B7C-450E-AE4D-004989BB0596}
	EndGlobalSection
EndGlobal
